%{
  "castore": {:hex, :castore, "0.1.14", "3f6d7c7c1574c402fef29559d3f1a7389ba3524bc6a090a5e9e6abc3af65dcca", [:mix], [], "hexpm", "b34af542eadb727e6c8b37fdf73e18b2e02eb483a4ea0b52fd500bc23f052b7b"},
  "jason": {:hex, :jason, "1.2.2", "ba43e3f2709fd1aa1dce90aaabfd039d000469c05c56f0b8e31978e03fa39052", [:mix], [{:decimal, "~> 1.0 or ~> 2.0", [hex: :decimal, repo: "hexpm", optional: true]}], "hexpm", "18a228f5f0058ee183f29f9eae0805c6e59d61c3b006760668d8d18ff0d12179"},
  "rustler": {:hex, :rustler, "0.23.0", "87162ffdf5a46b6aa03d624a77367070ff1263961ae35332c059225e136c4a87", [:mix], [{:jason, "~> 1.2", [hex: :jason, repo: "hexpm", optional: false]}, {:toml, "~> 0.5.2", [hex: :toml, repo: "hexpm", optional: false]}], "hexpm", "f5ab6f0ec564f5569009c0f5685b0e5b379fd72655e82a8dc5a3c24f9fdda36a"},
  "rustler_precompiled": {:git, "https://github.com/philss/rustler_precompiled.git", "4d061b9ac80998a3f37dcabacc75a74dafabdfd0", [branch: "main"]},
  "toml": {:hex, :toml, "0.5.2", "e471388a8726d1ce51a6b32f864b8228a1eb8edc907a0edf2bb50eab9321b526", [:mix], [], "hexpm", "f1e3dabef71fb510d015fad18c0e05e7c57281001141504c6b69d94e99750a07"},
}
